
Microsoft Visual Studio Solution File, Format Version 12.00
# Visual Studio Version 17
VisualStudioVersion = 17.11.35312.102
MinimumVisualStudioVersion = 10.0.40219.1
Project("{FAE04EC0-301F-11D3-BF4B-00C04F79EFBC}") = "Chapter7-1-1", "Chapter7-1-1\Chapter7-1-1.csproj", "{417013AC-969F-4BA2-BE03-DCED2689741B}"
EndProject
Project("{FAE04EC0-301F-11D3-BF4B-00C04F79EFBC}") = "Chapter7-1-2", "Chapter7-1-2\Chapter7-1-2.csproj", "{1300187F-ED18-4867-8FAB-ACA25F27AF84}"
EndProject
Global
	GlobalSection(SolutionConfigurationPlatforms) = preSolution
		Debug|Any CPU = Debug|Any CPU
		Release|Any CPU = Release|Any CPU
	EndGlobalSection
	GlobalSection(ProjectConfigurationPlatforms) = postSolution
		{417013AC-969F-4BA2-BE03-DCED2689741B}.Debug|Any CPU.ActiveCfg = Debug|Any CPU
		{417013AC-969F-4BA2-BE03-DCED2689741B}.Debug|Any CPU.Build.0 = Debug|Any CPU
		{417013AC-969F-4BA2-BE03-DCED2689741B}.Release|Any CPU.ActiveCfg = Release|Any CPU
		{417013AC-969F-4BA2-BE03-DCED2689741B}.Release|Any CPU.Build.0 = Release|Any CPU
		{1300187F-ED18-4867-8FAB-ACA25F27AF84}.Debug|Any CPU.ActiveCfg = Debug|Any CPU
		{1300187F-ED18-4867-8FAB-ACA25F27AF84}.Debug|Any CPU.Build.0 = Debug|Any CPU
		{1300187F-ED18-4867-8FAB-ACA25F27AF84}.Release|Any CPU.ActiveCfg = Release|Any CPU
		{1300187F-ED18-4867-8FAB-ACA25F27AF84}.Release|Any CPU.Build.0 = Release|Any CPU
	EndGlobalSection
	GlobalSection(SolutionProperties) = preSolution
		HideSolutionNode = FALSE
	EndGlobalSection
	GlobalSection(ExtensibilityGlobals) = postSolution
		SolutionGuid = {5070ED98-95B1-4AB8-A270-C6C70995F82A}
	EndGlobalSection
EndGlobal
