
Microsoft Visual Studio Solution File, Format Version 12.00
# Visual Studio Version 17
VisualStudioVersion = 17.11.35312.102
MinimumVisualStudioVersion = 10.0.40219.1
Project("{FAE04EC0-301F-11D3-BF4B-00C04F79EFBC}") = "Chapter15-1-1", "Chapter15-1-1\Chapter15-1-1.csproj", "{CDEFC128-8CA8-4F99-8131-3E7AE1D36C83}"
EndProject
Global
	GlobalSection(SolutionConfigurationPlatforms) = preSolution
		Debug|Any CPU = Debug|Any CPU
		Release|Any CPU = Release|Any CPU
	EndGlobalSection
	GlobalSection(ProjectConfigurationPlatforms) = postSolution
		{CDEFC128-8CA8-4F99-8131-3E7AE1D36C83}.Debug|Any CPU.ActiveCfg = Debug|Any CPU
		{CDEFC128-8CA8-4F99-8131-3E7AE1D36C83}.Debug|Any CPU.Build.0 = Debug|Any CPU
		{CDEFC128-8CA8-4F99-8131-3E7AE1D36C83}.Release|Any CPU.ActiveCfg = Release|Any CPU
		{CDEFC128-8CA8-4F99-8131-3E7AE1D36C83}.Release|Any CPU.Build.0 = Release|Any CPU
	EndGlobalSection
	GlobalSection(SolutionProperties) = preSolution
		HideSolutionNode = FALSE
	EndGlobalSection
	GlobalSection(ExtensibilityGlobals) = postSolution
		SolutionGuid = {7A83C626-752C-4A56-BC03-550C97597848}
	EndGlobalSection
EndGlobal
