
Microsoft Visual Studio Solution File, Format Version 12.00
# Visual Studio Version 17
VisualStudioVersion = 17.11.35312.102
MinimumVisualStudioVersion = 10.0.40219.1
Project("{FAE04EC0-301F-11D3-BF4B-00C04F79EFBC}") = "Chapter10-1-1", "Chapter10\Chapter10-1-1.csproj", "{6F1A15D7-9EB3-4C1B-B59A-81BB22780596}"
EndProject
Project("{FAE04EC0-301F-11D3-BF4B-00C04F79EFBC}") = "Chapter10-1-2", "Chapter10-1-2\Chapter10-1-2.csproj", "{08371BC9-5498-492F-BE17-00711E1A91E7}"
EndProject
Project("{FAE04EC0-301F-11D3-BF4B-00C04F79EFBC}") = "Chapter10-1-3", "Chapter10-1-3\Chapter10-1-3.csproj", "{AB10697F-D8CE-49A4-9BC6-8CB88E0C239B}"
EndProject
Project("{FAE04EC0-301F-11D3-BF4B-00C04F79EFBC}") = "Chapter10-1-4", "Chapter10-1-4\Chapter10-1-4.csproj", "{B68D22A1-6249-43C2-8C79-AAE3C4485331}"
EndProject
Project("{FAE04EC0-301F-11D3-BF4B-00C04F79EFBC}") = "Chapter10-1-5", "Chapter10-1-5\Chapter10-1-5.csproj", "{6BDC4985-30EA-4952-8D68-0D7DD5EDB4B2}"
EndProject
Project("{FAE04EC0-301F-11D3-BF4B-00C04F79EFBC}") = "Chapter10-1-6", "Chapter10-1-6\Chapter10-1-6.csproj", "{09B66E99-13E5-4F7A-B0F6-728DD876112E}"
EndProject
Global
	GlobalSection(SolutionConfigurationPlatforms) = preSolution
		Debug|Any CPU = Debug|Any CPU
		Release|Any CPU = Release|Any CPU
	EndGlobalSection
	GlobalSection(ProjectConfigurationPlatforms) = postSolution
		{6F1A15D7-9EB3-4C1B-B59A-81BB22780596}.Debug|Any CPU.ActiveCfg = Debug|Any CPU
		{6F1A15D7-9EB3-4C1B-B59A-81BB22780596}.Debug|Any CPU.Build.0 = Debug|Any CPU
		{6F1A15D7-9EB3-4C1B-B59A-81BB22780596}.Release|Any CPU.ActiveCfg = Release|Any CPU
		{6F1A15D7-9EB3-4C1B-B59A-81BB22780596}.Release|Any CPU.Build.0 = Release|Any CPU
		{08371BC9-5498-492F-BE17-00711E1A91E7}.Debug|Any CPU.ActiveCfg = Debug|Any CPU
		{08371BC9-5498-492F-BE17-00711E1A91E7}.Debug|Any CPU.Build.0 = Debug|Any CPU
		{08371BC9-5498-492F-BE17-00711E1A91E7}.Release|Any CPU.ActiveCfg = Release|Any CPU
		{08371BC9-5498-492F-BE17-00711E1A91E7}.Release|Any CPU.Build.0 = Release|Any CPU
		{AB10697F-D8CE-49A4-9BC6-8CB88E0C239B}.Debug|Any CPU.ActiveCfg = Debug|Any CPU
		{AB10697F-D8CE-49A4-9BC6-8CB88E0C239B}.Debug|Any CPU.Build.0 = Debug|Any CPU
		{AB10697F-D8CE-49A4-9BC6-8CB88E0C239B}.Release|Any CPU.ActiveCfg = Release|Any CPU
		{AB10697F-D8CE-49A4-9BC6-8CB88E0C239B}.Release|Any CPU.Build.0 = Release|Any CPU
		{B68D22A1-6249-43C2-8C79-AAE3C4485331}.Debug|Any CPU.ActiveCfg = Debug|Any CPU
		{B68D22A1-6249-43C2-8C79-AAE3C4485331}.Debug|Any CPU.Build.0 = Debug|Any CPU
		{B68D22A1-6249-43C2-8C79-AAE3C4485331}.Release|Any CPU.ActiveCfg = Release|Any CPU
		{B68D22A1-6249-43C2-8C79-AAE3C4485331}.Release|Any CPU.Build.0 = Release|Any CPU
		{6BDC4985-30EA-4952-8D68-0D7DD5EDB4B2}.Debug|Any CPU.ActiveCfg = Debug|Any CPU
		{6BDC4985-30EA-4952-8D68-0D7DD5EDB4B2}.Debug|Any CPU.Build.0 = Debug|Any CPU
		{6BDC4985-30EA-4952-8D68-0D7DD5EDB4B2}.Release|Any CPU.ActiveCfg = Release|Any CPU
		{6BDC4985-30EA-4952-8D68-0D7DD5EDB4B2}.Release|Any CPU.Build.0 = Release|Any CPU
		{09B66E99-13E5-4F7A-B0F6-728DD876112E}.Debug|Any CPU.ActiveCfg = Debug|Any CPU
		{09B66E99-13E5-4F7A-B0F6-728DD876112E}.Debug|Any CPU.Build.0 = Debug|Any CPU
		{09B66E99-13E5-4F7A-B0F6-728DD876112E}.Release|Any CPU.ActiveCfg = Release|Any CPU
		{09B66E99-13E5-4F7A-B0F6-728DD876112E}.Release|Any CPU.Build.0 = Release|Any CPU
	EndGlobalSection
	GlobalSection(SolutionProperties) = preSolution
		HideSolutionNode = FALSE
	EndGlobalSection
	GlobalSection(ExtensibilityGlobals) = postSolution
		SolutionGuid = {46E87165-626E-441B-8031-B4351ADEB6D7}
	EndGlobalSection
EndGlobal
