
Microsoft Visual Studio Solution File, Format Version 12.00
# Visual Studio Version 17
VisualStudioVersion = 17.11.35312.102
MinimumVisualStudioVersion = 10.0.40219.1
Project("{FAE04EC0-301F-11D3-BF4B-00C04F79EFBC}") = "Chapter9-1-1", "Chapter9-1-1\Chapter9-1-1.csproj", "{4B562835-9AE7-4D1E-847C-E04C89108CA6}"
EndProject
Project("{FAE04EC0-301F-11D3-BF4B-00C04F79EFBC}") = "Chapter9-1-2", "Chapter9-1-2\Chapter9-1-2.csproj", "{9BC5B4A7-8040-4FFE-91C6-C32CA26891E5}"
EndProject
Project("{FAE04EC0-301F-11D3-BF4B-00C04F79EFBC}") = "Chapter9-1-3", "Chapter9-1-3\Chapter9-1-3.csproj", "{344AC5ED-C140-476A-BBD5-2044CDC94778}"
EndProject
Project("{FAE04EC0-301F-11D3-BF4B-00C04F79EFBC}") = "Chapter9-1-4", "Chapter9-1-4\Chapter9-1-4.csproj", "{0F86D434-3CDE-41BA-87B3-C289F696A4EC}"
EndProject
Project("{FAE04EC0-301F-11D3-BF4B-00C04F79EFBC}") = "Chapter9-1-5", "Chapter9-1-5\Chapter9-1-5.csproj", "{BB377929-E191-4389-BBFA-079979829DA7}"
EndProject
Global
	GlobalSection(SolutionConfigurationPlatforms) = preSolution
		Debug|Any CPU = Debug|Any CPU
		Release|Any CPU = Release|Any CPU
	EndGlobalSection
	GlobalSection(ProjectConfigurationPlatforms) = postSolution
		{4B562835-9AE7-4D1E-847C-E04C89108CA6}.Debug|Any CPU.ActiveCfg = Debug|Any CPU
		{4B562835-9AE7-4D1E-847C-E04C89108CA6}.Debug|Any CPU.Build.0 = Debug|Any CPU
		{4B562835-9AE7-4D1E-847C-E04C89108CA6}.Release|Any CPU.ActiveCfg = Release|Any CPU
		{4B562835-9AE7-4D1E-847C-E04C89108CA6}.Release|Any CPU.Build.0 = Release|Any CPU
		{9BC5B4A7-8040-4FFE-91C6-C32CA26891E5}.Debug|Any CPU.ActiveCfg = Debug|Any CPU
		{9BC5B4A7-8040-4FFE-91C6-C32CA26891E5}.Debug|Any CPU.Build.0 = Debug|Any CPU
		{9BC5B4A7-8040-4FFE-91C6-C32CA26891E5}.Release|Any CPU.ActiveCfg = Release|Any CPU
		{9BC5B4A7-8040-4FFE-91C6-C32CA26891E5}.Release|Any CPU.Build.0 = Release|Any CPU
		{344AC5ED-C140-476A-BBD5-2044CDC94778}.Debug|Any CPU.ActiveCfg = Debug|Any CPU
		{344AC5ED-C140-476A-BBD5-2044CDC94778}.Debug|Any CPU.Build.0 = Debug|Any CPU
		{344AC5ED-C140-476A-BBD5-2044CDC94778}.Release|Any CPU.ActiveCfg = Release|Any CPU
		{344AC5ED-C140-476A-BBD5-2044CDC94778}.Release|Any CPU.Build.0 = Release|Any CPU
		{0F86D434-3CDE-41BA-87B3-C289F696A4EC}.Debug|Any CPU.ActiveCfg = Debug|Any CPU
		{0F86D434-3CDE-41BA-87B3-C289F696A4EC}.Debug|Any CPU.Build.0 = Debug|Any CPU
		{0F86D434-3CDE-41BA-87B3-C289F696A4EC}.Release|Any CPU.ActiveCfg = Release|Any CPU
		{0F86D434-3CDE-41BA-87B3-C289F696A4EC}.Release|Any CPU.Build.0 = Release|Any CPU
		{BB377929-E191-4389-BBFA-079979829DA7}.Debug|Any CPU.ActiveCfg = Debug|Any CPU
		{BB377929-E191-4389-BBFA-079979829DA7}.Debug|Any CPU.Build.0 = Debug|Any CPU
		{BB377929-E191-4389-BBFA-079979829DA7}.Release|Any CPU.ActiveCfg = Release|Any CPU
		{BB377929-E191-4389-BBFA-079979829DA7}.Release|Any CPU.Build.0 = Release|Any CPU
	EndGlobalSection
	GlobalSection(SolutionProperties) = preSolution
		HideSolutionNode = FALSE
	EndGlobalSection
	GlobalSection(ExtensibilityGlobals) = postSolution
		SolutionGuid = {37362197-3D76-4232-A627-4588A9D6AFB9}
	EndGlobalSection
EndGlobal
