
Microsoft Visual Studio Solution File, Format Version 12.00
# Visual Studio Version 17
VisualStudioVersion = 17.11.35312.102
MinimumVisualStudioVersion = 10.0.40219.1
Project("{FAE04EC0-301F-11D3-BF4B-00C04F79EFBC}") = "Chapter6-1-1", "Chapter6-1-1\Chapter6-1-1.csproj", "{90DA507C-1C3F-4A14-A909-5480603DF8ED}"
EndProject
Project("{FAE04EC0-301F-11D3-BF4B-00C04F79EFBC}") = "Program6-1-2", "Program6-1.2\Program6-1-2.csproj", "{46F91ABC-C44D-4B7A-9DB0-B1E48145C7E7}"
EndProject
Global
	GlobalSection(SolutionConfigurationPlatforms) = preSolution
		Debug|Any CPU = Debug|Any CPU
		Release|Any CPU = Release|Any CPU
	EndGlobalSection
	GlobalSection(ProjectConfigurationPlatforms) = postSolution
		{90DA507C-1C3F-4A14-A909-5480603DF8ED}.Debug|Any CPU.ActiveCfg = Debug|Any CPU
		{90DA507C-1C3F-4A14-A909-5480603DF8ED}.Debug|Any CPU.Build.0 = Debug|Any CPU
		{90DA507C-1C3F-4A14-A909-5480603DF8ED}.Release|Any CPU.ActiveCfg = Release|Any CPU
		{90DA507C-1C3F-4A14-A909-5480603DF8ED}.Release|Any CPU.Build.0 = Release|Any CPU
		{46F91ABC-C44D-4B7A-9DB0-B1E48145C7E7}.Debug|Any CPU.ActiveCfg = Debug|Any CPU
		{46F91ABC-C44D-4B7A-9DB0-B1E48145C7E7}.Debug|Any CPU.Build.0 = Debug|Any CPU
		{46F91ABC-C44D-4B7A-9DB0-B1E48145C7E7}.Release|Any CPU.ActiveCfg = Release|Any CPU
		{46F91ABC-C44D-4B7A-9DB0-B1E48145C7E7}.Release|Any CPU.Build.0 = Release|Any CPU
	EndGlobalSection
	GlobalSection(SolutionProperties) = preSolution
		HideSolutionNode = FALSE
	EndGlobalSection
	GlobalSection(ExtensibilityGlobals) = postSolution
		SolutionGuid = {56596075-493B-49B6-9C92-642067549D8F}
	EndGlobalSection
EndGlobal
