
Microsoft Visual Studio Solution File, Format Version 12.00
# Visual Studio Version 17
VisualStudioVersion = 17.11.35312.102
MinimumVisualStudioVersion = 10.0.40219.1
Project("{FAE04EC0-301F-11D3-BF4B-00C04F79EFBC}") = "Chapter1-1-1", "Chapter1-1-1\Chapter1-1-1.csproj", "{935870ED-2C12-404D-8B08-D4371C90A869}"
EndProject
Project("{FAE04EC0-301F-11D3-BF4B-00C04F79EFBC}") = "Chapter1-1-2", "Chapter1-1-2\Chapter1-1-2.csproj", "{6985EB3F-17D3-491C-AD2D-49FDBA45E92C}"
EndProject
Project("{FAE04EC0-301F-11D3-BF4B-00C04F79EFBC}") = "Chapter1-1-3", "Chapter1-1-3\Chapter1-1-3.csproj", "{D31DF80B-45D4-478A-ABA9-25D9D26FF2AB}"
EndProject
Global
	GlobalSection(SolutionConfigurationPlatforms) = preSolution
		Debug|Any CPU = Debug|Any CPU
		Release|Any CPU = Release|Any CPU
	EndGlobalSection
	GlobalSection(ProjectConfigurationPlatforms) = postSolution
		{935870ED-2C12-404D-8B08-D4371C90A869}.Debug|Any CPU.ActiveCfg = Debug|Any CPU
		{935870ED-2C12-404D-8B08-D4371C90A869}.Debug|Any CPU.Build.0 = Debug|Any CPU
		{935870ED-2C12-404D-8B08-D4371C90A869}.Release|Any CPU.ActiveCfg = Release|Any CPU
		{935870ED-2C12-404D-8B08-D4371C90A869}.Release|Any CPU.Build.0 = Release|Any CPU
		{6985EB3F-17D3-491C-AD2D-49FDBA45E92C}.Debug|Any CPU.ActiveCfg = Debug|Any CPU
		{6985EB3F-17D3-491C-AD2D-49FDBA45E92C}.Debug|Any CPU.Build.0 = Debug|Any CPU
		{6985EB3F-17D3-491C-AD2D-49FDBA45E92C}.Release|Any CPU.ActiveCfg = Release|Any CPU
		{6985EB3F-17D3-491C-AD2D-49FDBA45E92C}.Release|Any CPU.Build.0 = Release|Any CPU
		{D31DF80B-45D4-478A-ABA9-25D9D26FF2AB}.Debug|Any CPU.ActiveCfg = Debug|Any CPU
		{D31DF80B-45D4-478A-ABA9-25D9D26FF2AB}.Debug|Any CPU.Build.0 = Debug|Any CPU
		{D31DF80B-45D4-478A-ABA9-25D9D26FF2AB}.Release|Any CPU.ActiveCfg = Release|Any CPU
		{D31DF80B-45D4-478A-ABA9-25D9D26FF2AB}.Release|Any CPU.Build.0 = Release|Any CPU
	EndGlobalSection
	GlobalSection(SolutionProperties) = preSolution
		HideSolutionNode = FALSE
	EndGlobalSection
	GlobalSection(ExtensibilityGlobals) = postSolution
		SolutionGuid = {CDE83466-F9A6-4F4C-A173-640338EDCB5D}
	EndGlobalSection
EndGlobal
